
Microsoft Visual Studio Solution File, Format Version 12.00
# Visual Studio 15
VisualStudioVersion = 15.0.28307.421
MinimumVisualStudioVersion = 10.0.40219.1
Project("{FAE04EC0-301F-11D3-BF4B-00C04F79EFBC}") = "AET.Zigen.IPLogic 2017", "AET.Zigen.IPLogic\AET.Zigen.IPLogic 2017.csproj", "{3F76CB47-4448-4CA1-9E4A-E64EBDB6E37D}"
EndProject
Project("{FAE04EC0-301F-11D3-BF4B-00C04F79EFBC}") = "AET.Zigen.IPLogic.Tests", "AET.Zigen.IPLogic.Tests\AET.Zigen.IPLogic.Tests.csproj", "{20692852-90EE-46C9-8559-36137E1E276D}"
EndProject
Global
	GlobalSection(SolutionConfigurationPlatforms) = preSolution
		Debug|Any CPU = Debug|Any CPU
		Release|Any CPU = Release|Any CPU
	EndGlobalSection
	GlobalSection(ProjectConfigurationPlatforms) = postSolution
		{3F76CB47-4448-4CA1-9E4A-E64EBDB6E37D}.Debug|Any CPU.ActiveCfg = Debug|Any CPU
		{3F76CB47-4448-4CA1-9E4A-E64EBDB6E37D}.Debug|Any CPU.Build.0 = Debug|Any CPU
		{3F76CB47-4448-4CA1-9E4A-E64EBDB6E37D}.Release|Any CPU.ActiveCfg = Release|Any CPU
		{3F76CB47-4448-4CA1-9E4A-E64EBDB6E37D}.Release|Any CPU.Build.0 = Release|Any CPU
		{20692852-90EE-46C9-8559-36137E1E276D}.Debug|Any CPU.ActiveCfg = Debug|Any CPU
		{20692852-90EE-46C9-8559-36137E1E276D}.Debug|Any CPU.Build.0 = Debug|Any CPU
		{20692852-90EE-46C9-8559-36137E1E276D}.Release|Any CPU.ActiveCfg = Release|Any CPU
		{20692852-90EE-46C9-8559-36137E1E276D}.Release|Any CPU.Build.0 = Release|Any CPU
	EndGlobalSection
	GlobalSection(SolutionProperties) = preSolution
		HideSolutionNode = FALSE
	EndGlobalSection
	GlobalSection(ExtensibilityGlobals) = postSolution
		SolutionGuid = {5261010F-FDFE-4851-B9CB-2E470E66C1AD}
	EndGlobalSection
EndGlobal
